{
  "pins" : [
    {
      "identity" : "additioncalculatorlibrary",
      "kind" : "remoteSourceControl",
      "location" : "https://github.com/mim-dev/AdditionCalculatorLibrary",
      "state" : {
        "revision" : "ffd58f6e35cc6ae7040adaa612e40eb0ec6ef24d",
        "version" : "1.0.0"
      }
    }
  ],
  "version" : 2
}
